
Microsoft Visual Studio Solution File, Format Version 12.00
# Visual Studio Version 17
VisualStudioVersion = 17.14.36414.22
MinimumVisualStudioVersion = 10.0.40219.1
Project("{2150E333-8FDC-42A3-9474-1A3956D46DE8}") = "Task0", "Task0", "{02EA681E-C7D8-13C7-8484-4AC65E1B71E8}"
EndProject
Project("{FAE04EC0-301F-11D3-BF4B-00C04F79EFBC}") = "Tyuiu.BocharovaES.Sprint5.Task0.V27", "Tyuiu.BocharovaES.Sprint5.Task0.V27\Tyuiu.BocharovaES.Sprint5.Task0.V27.csproj", "{8193FA22-E908-4280-A115-7F6661A0501C}"
EndProject
Project("{FAE04EC0-301F-11D3-BF4B-00C04F79EFBC}") = "Tyuiu.BocharovaES.Sprint5.Task0.V27.Lib", "Tyuiu.BocharovaES.Sprint5.Task0.V27.Lib\Tyuiu.BocharovaES.Sprint5.Task0.V27.Lib.csproj", "{0E7636C7-F879-496A-926B-E202181DE5BF}"
EndProject
Project("{FAE04EC0-301F-11D3-BF4B-00C04F79EFBC}") = "Tyuiu.BocharovaES.Sprint5.Task0.V27.Test", "Tyuiu.BocharovaES.Sprint5.Task0.V27.Test\Tyuiu.BocharovaES.Sprint5.Task0.V27.Test.csproj", "{90B90A7C-28D1-4175-9D77-167AF84384C8}"
EndProject
Project("{2150E333-8FDC-42A3-9474-1A3956D46DE8}") = "Task1", "Task1", "{FD939458-5426-4698-A1E6-EF605EB098C1}"
EndProject
Project("{FAE04EC0-301F-11D3-BF4B-00C04F79EFBC}") = "Tyuiu.BocharovaES.Sprint5.Task1.V6", "Tyuiu.BocharovaES.Sprint5.Task1.V6\Tyuiu.BocharovaES.Sprint5.Task1.V6.csproj", "{629B9DDB-A6BC-4B77-8C28-57950853B78A}"
EndProject
Project("{FAE04EC0-301F-11D3-BF4B-00C04F79EFBC}") = "Tyuiu.BocharovaES.Sprint5.Task1.V6.Lib", "Tyuiu.BocharovaES.Sprint5.Task1.V6.Lib\Tyuiu.BocharovaES.Sprint5.Task1.V6.Lib.csproj", "{9AAE1172-1026-4D3C-8778-38AA25884948}"
EndProject
Project("{FAE04EC0-301F-11D3-BF4B-00C04F79EFBC}") = "Tyuiu.BocharovaES.Sprint5.Task1.V6.Test", "Tyuiu.BocharovaES.Sprint5.Task1.V6.Test\Tyuiu.BocharovaES.Sprint5.Task1.V6.Test.csproj", "{5A29C864-C221-4519-85B8-50ED81600730}"
EndProject
Project("{2150E333-8FDC-42A3-9474-1A3956D46DE8}") = "Task2", "Task2", "{3BFA5034-69E8-4355-8FE5-C484401536C6}"
EndProject
Project("{FAE04EC0-301F-11D3-BF4B-00C04F79EFBC}") = "Tyuiu.BocharovaES.Sprint5.Task2.V10", "Tyuiu.BocharovaES.Sprint5.Task2.V10\Tyuiu.BocharovaES.Sprint5.Task2.V10.csproj", "{086295B8-70B0-4B28-BACE-64F3123DE9B7}"
EndProject
Project("{FAE04EC0-301F-11D3-BF4B-00C04F79EFBC}") = "Tyuiu.BocharovaES.Sprint5.Task2.V10.Lib", "Tyuiu.BocharovaES.Sprint5.Task2.V10.Lib\Tyuiu.BocharovaES.Sprint5.Task2.V10.Lib.csproj", "{1EA2E298-AACD-4217-B0E7-D9E821C943AE}"
EndProject
Project("{FAE04EC0-301F-11D3-BF4B-00C04F79EFBC}") = "Tyuiu.BocharovaES.Sprint5.Task2.V10.Test", "Tyuiu.BocharovaES.Sprint5.Task2.V10.Test\Tyuiu.BocharovaES.Sprint5.Task2.V10.Test.csproj", "{24293E0E-A8DA-4CD1-98AB-7C26FAECE197}"
EndProject
Project("{2150E333-8FDC-42A3-9474-1A3956D46DE8}") = "Task3", "Task3", "{D8C77F6B-B6A1-41F3-A86E-AB12AF58990E}"
EndProject
Project("{FAE04EC0-301F-11D3-BF4B-00C04F79EFBC}") = "Tyuiu.BocharovaES.Sprint5.Task3.V5", "Tyuiu.BocharovaES.Sprint5.Task3.V5\Tyuiu.BocharovaES.Sprint5.Task3.V5.csproj", "{8D51DC60-5FAC-4EED-966D-FE64F6FB8506}"
EndProject
Project("{FAE04EC0-301F-11D3-BF4B-00C04F79EFBC}") = "Tyuiu.BocharovaES.Sprint5.Task3.V5.Lib", "Tyuiu.BocharovaES.Sprint5.Task3.V5.Lib\Tyuiu.BocharovaES.Sprint5.Task3.V5.Lib.csproj", "{0AFF7321-6D8A-4D88-8B09-3D6BECECC884}"
EndProject
Project("{FAE04EC0-301F-11D3-BF4B-00C04F79EFBC}") = "Tyuiu.BocharovaES.Sprint5.Task3.V5.Test", "Tyuiu.BocharovaES.Sprint5.Task3.V5.Test\Tyuiu.BocharovaES.Sprint5.Task3.V5.Test.csproj", "{36C69A65-362D-464E-8B30-C29D12DC67E3}"
EndProject
Project("{2150E333-8FDC-42A3-9474-1A3956D46DE8}") = "Task4", "Task4", "{5788E8EA-1525-405A-9F95-1936148C34FE}"
EndProject
Project("{FAE04EC0-301F-11D3-BF4B-00C04F79EFBC}") = "Tyuiu.BocharovaES.Sprint5.Task4.V26", "Tyuiu.BocharovaES.Sprint5.Task4.V26\Tyuiu.BocharovaES.Sprint5.Task4.V26.csproj", "{84E28EE3-CA4D-4701-9170-78432B69277A}"
EndProject
Project("{FAE04EC0-301F-11D3-BF4B-00C04F79EFBC}") = "Tyuiu.BocharovaES.Sprint5.Task4.V26.Lib", "Tyuiu.BocharovaES.Sprint5.Task4.V26.Lib\Tyuiu.BocharovaES.Sprint5.Task4.V26.Lib.csproj", "{AFB08967-77C6-4D51-88B2-877C83798E12}"
EndProject
Project("{FAE04EC0-301F-11D3-BF4B-00C04F79EFBC}") = "Tyuiu.BocharovaES.Sprint5.Task4.V26.Test", "Tyuiu.BocharovaES.Sprint5.Task4.V26.Test\Tyuiu.BocharovaES.Sprint5.Task4.V26.Test.csproj", "{B3201BB3-15A2-437C-AA98-80027DCC6E74}"
EndProject
Project("{2150E333-8FDC-42A3-9474-1A3956D46DE8}") = "Task5", "Task5", "{7FC4E5FF-385D-45DB-89D6-070BB538F9B1}"
EndProject
Project("{FAE04EC0-301F-11D3-BF4B-00C04F79EFBC}") = "Tyuiu.BocharovaES.Sprint5.Task5.V23", "Tyuiu.BocharovaES.Sprint5.Task5.V23\Tyuiu.BocharovaES.Sprint5.Task5.V23.csproj", "{3DEDF025-D995-497F-83AB-1172E8E3942B}"
EndProject
Project("{FAE04EC0-301F-11D3-BF4B-00C04F79EFBC}") = "Tyuiu.BocharovaES.Sprint5.Task5.V23.Lib", "Tyuiu.BocharovaES.Sprint5.Task5.V23.Lib\Tyuiu.BocharovaES.Sprint5.Task5.V23.Lib.csproj", "{E5AA1B92-4C36-4178-97C5-642DB52BBBA5}"
EndProject
Project("{FAE04EC0-301F-11D3-BF4B-00C04F79EFBC}") = "Tyuiu.BocharovaES.Sprint5.Task5.V23.Test", "Tyuiu.BocharovaES.Sprint5.Task5.V23.Test\Tyuiu.BocharovaES.Sprint5.Task5.V23.Test.csproj", "{6BDE0D1A-952A-47A2-8672-7AC19A8BAD5C}"
EndProject
Project("{2150E333-8FDC-42A3-9474-1A3956D46DE8}") = "Task6", "Task6", "{0C1EDD8C-7BED-414E-A4C7-5CD23E13BF7F}"
EndProject
Project("{FAE04EC0-301F-11D3-BF4B-00C04F79EFBC}") = "Tyuiu.BocharovaES.Sprint5.Task6.V23", "Tyuiu.BocharovaES.Sprint5.Task6.V23\Tyuiu.BocharovaES.Sprint5.Task6.V23.csproj", "{03F40D70-1E47-4E99-A58B-2EEA90D6F036}"
EndProject
Project("{FAE04EC0-301F-11D3-BF4B-00C04F79EFBC}") = "Tyuiu.BocharovaES.Sprint5.Task6.V23.Lib", "Tyuiu.BocharovaES.Sprint5.Task6.V23.Lib\Tyuiu.BocharovaES.Sprint5.Task6.V23.Lib.csproj", "{5DBDC859-34AE-4E41-82F2-35166E527865}"
EndProject
Project("{FAE04EC0-301F-11D3-BF4B-00C04F79EFBC}") = "Tyuiu.BocharovaES.Sprint5.Task6.V23.Test", "Tyuiu.BocharovaES.Sprint5.Task6.V23.Test\Tyuiu.BocharovaES.Sprint5.Task6.V23.Test.csproj", "{798BBFD3-D4ED-4BBE-925D-0300B2CDD8EA}"
EndProject
Global
	GlobalSection(SolutionConfigurationPlatforms) = preSolution
		Debug|Any CPU = Debug|Any CPU
		Release|Any CPU = Release|Any CPU
	EndGlobalSection
	GlobalSection(ProjectConfigurationPlatforms) = postSolution
		{8193FA22-E908-4280-A115-7F6661A0501C}.Debug|Any CPU.ActiveCfg = Debug|Any CPU
		{8193FA22-E908-4280-A115-7F6661A0501C}.Debug|Any CPU.Build.0 = Debug|Any CPU
		{8193FA22-E908-4280-A115-7F6661A0501C}.Release|Any CPU.ActiveCfg = Release|Any CPU
		{8193FA22-E908-4280-A115-7F6661A0501C}.Release|Any CPU.Build.0 = Release|Any CPU
		{0E7636C7-F879-496A-926B-E202181DE5BF}.Debug|Any CPU.ActiveCfg = Debug|Any CPU
		{0E7636C7-F879-496A-926B-E202181DE5BF}.Debug|Any CPU.Build.0 = Debug|Any CPU
		{0E7636C7-F879-496A-926B-E202181DE5BF}.Release|Any CPU.ActiveCfg = Release|Any CPU
		{0E7636C7-F879-496A-926B-E202181DE5BF}.Release|Any CPU.Build.0 = Release|Any CPU
		{90B90A7C-28D1-4175-9D77-167AF84384C8}.Debug|Any CPU.ActiveCfg = Debug|Any CPU
		{90B90A7C-28D1-4175-9D77-167AF84384C8}.Debug|Any CPU.Build.0 = Debug|Any CPU
		{90B90A7C-28D1-4175-9D77-167AF84384C8}.Release|Any CPU.ActiveCfg = Release|Any CPU
		{90B90A7C-28D1-4175-9D77-167AF84384C8}.Release|Any CPU.Build.0 = Release|Any CPU
		{629B9DDB-A6BC-4B77-8C28-57950853B78A}.Debug|Any CPU.ActiveCfg = Debug|Any CPU
		{629B9DDB-A6BC-4B77-8C28-57950853B78A}.Debug|Any CPU.Build.0 = Debug|Any CPU
		{629B9DDB-A6BC-4B77-8C28-57950853B78A}.Release|Any CPU.ActiveCfg = Release|Any CPU
		{629B9DDB-A6BC-4B77-8C28-57950853B78A}.Release|Any CPU.Build.0 = Release|Any CPU
		{9AAE1172-1026-4D3C-8778-38AA25884948}.Debug|Any CPU.ActiveCfg = Debug|Any CPU
		{9AAE1172-1026-4D3C-8778-38AA25884948}.Debug|Any CPU.Build.0 = Debug|Any CPU
		{9AAE1172-1026-4D3C-8778-38AA25884948}.Release|Any CPU.ActiveCfg = Release|Any CPU
		{9AAE1172-1026-4D3C-8778-38AA25884948}.Release|Any CPU.Build.0 = Release|Any CPU
		{5A29C864-C221-4519-85B8-50ED81600730}.Debug|Any CPU.ActiveCfg = Debug|Any CPU
		{5A29C864-C221-4519-85B8-50ED81600730}.Debug|Any CPU.Build.0 = Debug|Any CPU
		{5A29C864-C221-4519-85B8-50ED81600730}.Release|Any CPU.ActiveCfg = Release|Any CPU
		{5A29C864-C221-4519-85B8-50ED81600730}.Release|Any CPU.Build.0 = Release|Any CPU
		{086295B8-70B0-4B28-BACE-64F3123DE9B7}.Debug|Any CPU.ActiveCfg = Debug|Any CPU
		{086295B8-70B0-4B28-BACE-64F3123DE9B7}.Debug|Any CPU.Build.0 = Debug|Any CPU
		{086295B8-70B0-4B28-BACE-64F3123DE9B7}.Release|Any CPU.ActiveCfg = Release|Any CPU
		{086295B8-70B0-4B28-BACE-64F3123DE9B7}.Release|Any CPU.Build.0 = Release|Any CPU
		{1EA2E298-AACD-4217-B0E7-D9E821C943AE}.Debug|Any CPU.ActiveCfg = Debug|Any CPU
		{1EA2E298-AACD-4217-B0E7-D9E821C943AE}.Debug|Any CPU.Build.0 = Debug|Any CPU
		{1EA2E298-AACD-4217-B0E7-D9E821C943AE}.Release|Any CPU.ActiveCfg = Release|Any CPU
		{1EA2E298-AACD-4217-B0E7-D9E821C943AE}.Release|Any CPU.Build.0 = Release|Any CPU
		{24293E0E-A8DA-4CD1-98AB-7C26FAECE197}.Debug|Any CPU.ActiveCfg = Debug|Any CPU
		{24293E0E-A8DA-4CD1-98AB-7C26FAECE197}.Debug|Any CPU.Build.0 = Debug|Any CPU
		{24293E0E-A8DA-4CD1-98AB-7C26FAECE197}.Release|Any CPU.ActiveCfg = Release|Any CPU
		{24293E0E-A8DA-4CD1-98AB-7C26FAECE197}.Release|Any CPU.Build.0 = Release|Any CPU
		{8D51DC60-5FAC-4EED-966D-FE64F6FB8506}.Debug|Any CPU.ActiveCfg = Debug|Any CPU
		{8D51DC60-5FAC-4EED-966D-FE64F6FB8506}.Debug|Any CPU.Build.0 = Debug|Any CPU
		{8D51DC60-5FAC-4EED-966D-FE64F6FB8506}.Release|Any CPU.ActiveCfg = Release|Any CPU
		{8D51DC60-5FAC-4EED-966D-FE64F6FB8506}.Release|Any CPU.Build.0 = Release|Any CPU
		{0AFF7321-6D8A-4D88-8B09-3D6BECECC884}.Debug|Any CPU.ActiveCfg = Debug|Any CPU
		{0AFF7321-6D8A-4D88-8B09-3D6BECECC884}.Debug|Any CPU.Build.0 = Debug|Any CPU
		{0AFF7321-6D8A-4D88-8B09-3D6BECECC884}.Release|Any CPU.ActiveCfg = Release|Any CPU
		{0AFF7321-6D8A-4D88-8B09-3D6BECECC884}.Release|Any CPU.Build.0 = Release|Any CPU
		{36C69A65-362D-464E-8B30-C29D12DC67E3}.Debug|Any CPU.ActiveCfg = Debug|Any CPU
		{36C69A65-362D-464E-8B30-C29D12DC67E3}.Debug|Any CPU.Build.0 = Debug|Any CPU
		{36C69A65-362D-464E-8B30-C29D12DC67E3}.Release|Any CPU.ActiveCfg = Release|Any CPU
		{36C69A65-362D-464E-8B30-C29D12DC67E3}.Release|Any CPU.Build.0 = Release|Any CPU
		{84E28EE3-CA4D-4701-9170-78432B69277A}.Debug|Any CPU.ActiveCfg = Debug|Any CPU
		{84E28EE3-CA4D-4701-9170-78432B69277A}.Debug|Any CPU.Build.0 = Debug|Any CPU
		{84E28EE3-CA4D-4701-9170-78432B69277A}.Release|Any CPU.ActiveCfg = Release|Any CPU
		{84E28EE3-CA4D-4701-9170-78432B69277A}.Release|Any CPU.Build.0 = Release|Any CPU
		{AFB08967-77C6-4D51-88B2-877C83798E12}.Debug|Any CPU.ActiveCfg = Debug|Any CPU
		{AFB08967-77C6-4D51-88B2-877C83798E12}.Debug|Any CPU.Build.0 = Debug|Any CPU
		{AFB08967-77C6-4D51-88B2-877C83798E12}.Release|Any CPU.ActiveCfg = Release|Any CPU
		{AFB08967-77C6-4D51-88B2-877C83798E12}.Release|Any CPU.Build.0 = Release|Any CPU
		{B3201BB3-15A2-437C-AA98-80027DCC6E74}.Debug|Any CPU.ActiveCfg = Debug|Any CPU
		{B3201BB3-15A2-437C-AA98-80027DCC6E74}.Debug|Any CPU.Build.0 = Debug|Any CPU
		{B3201BB3-15A2-437C-AA98-80027DCC6E74}.Release|Any CPU.ActiveCfg = Release|Any CPU
		{B3201BB3-15A2-437C-AA98-80027DCC6E74}.Release|Any CPU.Build.0 = Release|Any CPU
		{3DEDF025-D995-497F-83AB-1172E8E3942B}.Debug|Any CPU.ActiveCfg = Debug|Any CPU
		{3DEDF025-D995-497F-83AB-1172E8E3942B}.Debug|Any CPU.Build.0 = Debug|Any CPU
		{3DEDF025-D995-497F-83AB-1172E8E3942B}.Release|Any CPU.ActiveCfg = Release|Any CPU
		{3DEDF025-D995-497F-83AB-1172E8E3942B}.Release|Any CPU.Build.0 = Release|Any CPU
		{E5AA1B92-4C36-4178-97C5-642DB52BBBA5}.Debug|Any CPU.ActiveCfg = Debug|Any CPU
		{E5AA1B92-4C36-4178-97C5-642DB52BBBA5}.Debug|Any CPU.Build.0 = Debug|Any CPU
		{E5AA1B92-4C36-4178-97C5-642DB52BBBA5}.Release|Any CPU.ActiveCfg = Release|Any CPU
		{E5AA1B92-4C36-4178-97C5-642DB52BBBA5}.Release|Any CPU.Build.0 = Release|Any CPU
		{6BDE0D1A-952A-47A2-8672-7AC19A8BAD5C}.Debug|Any CPU.ActiveCfg = Debug|Any CPU
		{6BDE0D1A-952A-47A2-8672-7AC19A8BAD5C}.Debug|Any CPU.Build.0 = Debug|Any CPU
		{6BDE0D1A-952A-47A2-8672-7AC19A8BAD5C}.Release|Any CPU.ActiveCfg = Release|Any CPU
		{6BDE0D1A-952A-47A2-8672-7AC19A8BAD5C}.Release|Any CPU.Build.0 = Release|Any CPU
		{03F40D70-1E47-4E99-A58B-2EEA90D6F036}.Debug|Any CPU.ActiveCfg = Debug|Any CPU
		{03F40D70-1E47-4E99-A58B-2EEA90D6F036}.Debug|Any CPU.Build.0 = Debug|Any CPU
		{03F40D70-1E47-4E99-A58B-2EEA90D6F036}.Release|Any CPU.ActiveCfg = Release|Any CPU
		{03F40D70-1E47-4E99-A58B-2EEA90D6F036}.Release|Any CPU.Build.0 = Release|Any CPU
		{5DBDC859-34AE-4E41-82F2-35166E527865}.Debug|Any CPU.ActiveCfg = Debug|Any CPU
		{5DBDC859-34AE-4E41-82F2-35166E527865}.Debug|Any CPU.Build.0 = Debug|Any CPU
		{5DBDC859-34AE-4E41-82F2-35166E527865}.Release|Any CPU.ActiveCfg = Release|Any CPU
		{5DBDC859-34AE-4E41-82F2-35166E527865}.Release|Any CPU.Build.0 = Release|Any CPU
		{798BBFD3-D4ED-4BBE-925D-0300B2CDD8EA}.Debug|Any CPU.ActiveCfg = Debug|Any CPU
		{798BBFD3-D4ED-4BBE-925D-0300B2CDD8EA}.Debug|Any CPU.Build.0 = Debug|Any CPU
		{798BBFD3-D4ED-4BBE-925D-0300B2CDD8EA}.Release|Any CPU.ActiveCfg = Release|Any CPU
		{798BBFD3-D4ED-4BBE-925D-0300B2CDD8EA}.Release|Any CPU.Build.0 = Release|Any CPU
	EndGlobalSection
	GlobalSection(SolutionProperties) = preSolution
		HideSolutionNode = FALSE
	EndGlobalSection
	GlobalSection(NestedProjects) = preSolution
		{8193FA22-E908-4280-A115-7F6661A0501C} = {02EA681E-C7D8-13C7-8484-4AC65E1B71E8}
		{0E7636C7-F879-496A-926B-E202181DE5BF} = {02EA681E-C7D8-13C7-8484-4AC65E1B71E8}
		{90B90A7C-28D1-4175-9D77-167AF84384C8} = {02EA681E-C7D8-13C7-8484-4AC65E1B71E8}
		{629B9DDB-A6BC-4B77-8C28-57950853B78A} = {FD939458-5426-4698-A1E6-EF605EB098C1}
		{9AAE1172-1026-4D3C-8778-38AA25884948} = {FD939458-5426-4698-A1E6-EF605EB098C1}
		{5A29C864-C221-4519-85B8-50ED81600730} = {FD939458-5426-4698-A1E6-EF605EB098C1}
		{086295B8-70B0-4B28-BACE-64F3123DE9B7} = {3BFA5034-69E8-4355-8FE5-C484401536C6}
		{1EA2E298-AACD-4217-B0E7-D9E821C943AE} = {3BFA5034-69E8-4355-8FE5-C484401536C6}
		{24293E0E-A8DA-4CD1-98AB-7C26FAECE197} = {3BFA5034-69E8-4355-8FE5-C484401536C6}
		{8D51DC60-5FAC-4EED-966D-FE64F6FB8506} = {D8C77F6B-B6A1-41F3-A86E-AB12AF58990E}
		{0AFF7321-6D8A-4D88-8B09-3D6BECECC884} = {D8C77F6B-B6A1-41F3-A86E-AB12AF58990E}
		{36C69A65-362D-464E-8B30-C29D12DC67E3} = {D8C77F6B-B6A1-41F3-A86E-AB12AF58990E}
		{84E28EE3-CA4D-4701-9170-78432B69277A} = {5788E8EA-1525-405A-9F95-1936148C34FE}
		{AFB08967-77C6-4D51-88B2-877C83798E12} = {5788E8EA-1525-405A-9F95-1936148C34FE}
		{B3201BB3-15A2-437C-AA98-80027DCC6E74} = {5788E8EA-1525-405A-9F95-1936148C34FE}
		{3DEDF025-D995-497F-83AB-1172E8E3942B} = {7FC4E5FF-385D-45DB-89D6-070BB538F9B1}
		{E5AA1B92-4C36-4178-97C5-642DB52BBBA5} = {7FC4E5FF-385D-45DB-89D6-070BB538F9B1}
		{6BDE0D1A-952A-47A2-8672-7AC19A8BAD5C} = {7FC4E5FF-385D-45DB-89D6-070BB538F9B1}
		{03F40D70-1E47-4E99-A58B-2EEA90D6F036} = {0C1EDD8C-7BED-414E-A4C7-5CD23E13BF7F}
		{5DBDC859-34AE-4E41-82F2-35166E527865} = {0C1EDD8C-7BED-414E-A4C7-5CD23E13BF7F}
		{798BBFD3-D4ED-4BBE-925D-0300B2CDD8EA} = {0C1EDD8C-7BED-414E-A4C7-5CD23E13BF7F}
	EndGlobalSection
	GlobalSection(ExtensibilityGlobals) = postSolution
		SolutionGuid = {D942E7ED-1AB2-42FA-8B45-87E4DE2C6CF9}
	EndGlobalSection
EndGlobal
