
Microsoft Visual Studio Solution File, Format Version 12.00
# Visual Studio Version 17
VisualStudioVersion = 17.14.36414.22
MinimumVisualStudioVersion = 10.0.40219.1
Project("{2150E333-8FDC-42A3-9474-1A3956D46DE8}") = "Task0", "Task0", "{02EA681E-C7D8-13C7-8484-4AC65E1B71E8}"
EndProject
Project("{FAE04EC0-301F-11D3-BF4B-00C04F79EFBC}") = "Tyuiu.BocharovaES.Sprint5.Task0.V27", "Tyuiu.BocharovaES.Sprint5.Task0.V27\Tyuiu.BocharovaES.Sprint5.Task0.V27.csproj", "{8193FA22-E908-4280-A115-7F6661A0501C}"
EndProject
Project("{FAE04EC0-301F-11D3-BF4B-00C04F79EFBC}") = "Tyuiu.BocharovaES.Sprint5.Task0.V27.Lib", "Tyuiu.BocharovaES.Sprint5.Task0.V27.Lib\Tyuiu.BocharovaES.Sprint5.Task0.V27.Lib.csproj", "{0E7636C7-F879-496A-926B-E202181DE5BF}"
EndProject
Project("{FAE04EC0-301F-11D3-BF4B-00C04F79EFBC}") = "Tyuiu.BocharovaES.Sprint5.Task0.V27.Test", "Tyuiu.BocharovaES.Sprint5.Task0.V27.Test\Tyuiu.BocharovaES.Sprint5.Task0.V27.Test.csproj", "{90B90A7C-28D1-4175-9D77-167AF84384C8}"
EndProject
Project("{2150E333-8FDC-42A3-9474-1A3956D46DE8}") = "Task1", "Task1", "{FD939458-5426-4698-A1E6-EF605EB098C1}"
EndProject
Project("{FAE04EC0-301F-11D3-BF4B-00C04F79EFBC}") = "Tyuiu.BocharovaES.Sprint5.Task1.V6", "Tyuiu.BocharovaES.Sprint5.Task1.V6\Tyuiu.BocharovaES.Sprint5.Task1.V6.csproj", "{629B9DDB-A6BC-4B77-8C28-57950853B78A}"
EndProject
Project("{FAE04EC0-301F-11D3-BF4B-00C04F79EFBC}") = "Tyuiu.BocharovaES.Sprint5.Task1.V6.Lib", "Tyuiu.BocharovaES.Sprint5.Task1.V6.Lib\Tyuiu.BocharovaES.Sprint5.Task1.V6.Lib.csproj", "{9AAE1172-1026-4D3C-8778-38AA25884948}"
EndProject
Project("{FAE04EC0-301F-11D3-BF4B-00C04F79EFBC}") = "Tyuiu.BocharovaES.Sprint5.Task1.V6.Test", "Tyuiu.BocharovaES.Sprint5.Task1.V6.Test\Tyuiu.BocharovaES.Sprint5.Task1.V6.Test.csproj", "{5A29C864-C221-4519-85B8-50ED81600730}"
EndProject
Project("{2150E333-8FDC-42A3-9474-1A3956D46DE8}") = "Task2", "Task2", "{3BFA5034-69E8-4355-8FE5-C484401536C6}"
EndProject
Project("{FAE04EC0-301F-11D3-BF4B-00C04F79EFBC}") = "Tyuiu.BocharovaES.Sprint5.Task2.V10", "Tyuiu.BocharovaES.Sprint5.Task2.V10\Tyuiu.BocharovaES.Sprint5.Task2.V10.csproj", "{086295B8-70B0-4B28-BACE-64F3123DE9B7}"
EndProject
Project("{FAE04EC0-301F-11D3-BF4B-00C04F79EFBC}") = "Tyuiu.BocharovaES.Sprint5.Task2.V10.Lib", "Tyuiu.BocharovaES.Sprint5.Task2.V10.Lib\Tyuiu.BocharovaES.Sprint5.Task2.V10.Lib.csproj", "{1EA2E298-AACD-4217-B0E7-D9E821C943AE}"
EndProject
Project("{FAE04EC0-301F-11D3-BF4B-00C04F79EFBC}") = "Tyuiu.BocharovaES.Sprint5.Task2.V10.Test", "Tyuiu.BocharovaES.Sprint5.Task2.V10.Test\Tyuiu.BocharovaES.Sprint5.Task2.V10.Test.csproj", "{24293E0E-A8DA-4CD1-98AB-7C26FAECE197}"
EndProject
Project("{2150E333-8FDC-42A3-9474-1A3956D46DE8}") = "Task3", "Task3", "{D8C77F6B-B6A1-41F3-A86E-AB12AF58990E}"
EndProject
Project("{FAE04EC0-301F-11D3-BF4B-00C04F79EFBC}") = "Tyuiu.BocharovaES.Sprint5.Task3.V5", "Tyuiu.BocharovaES.Sprint5.Task3.V5\Tyuiu.BocharovaES.Sprint5.Task3.V5.csproj", "{8D51DC60-5FAC-4EED-966D-FE64F6FB8506}"
EndProject
Project("{FAE04EC0-301F-11D3-BF4B-00C04F79EFBC}") = "Tyuiu.BocharovaES.Sprint5.Task3.V5.Lib", "Tyuiu.BocharovaES.Sprint5.Task3.V5.Lib\Tyuiu.BocharovaES.Sprint5.Task3.V5.Lib.csproj", "{0AFF7321-6D8A-4D88-8B09-3D6BECECC884}"
EndProject
Project("{FAE04EC0-301F-11D3-BF4B-00C04F79EFBC}") = "Tyuiu.BocharovaES.Sprint5.Task3.V5.Test", "Tyuiu.BocharovaES.Sprint5.Task3.V5.Test\Tyuiu.BocharovaES.Sprint5.Task3.V5.Test.csproj", "{36C69A65-362D-464E-8B30-C29D12DC67E3}"
EndProject
Global
	GlobalSection(SolutionConfigurationPlatforms) = preSolution
		Debug|Any CPU = Debug|Any CPU
		Release|Any CPU = Release|Any CPU
	EndGlobalSection
	GlobalSection(ProjectConfigurationPlatforms) = postSolution
		{8193FA22-E908-4280-A115-7F6661A0501C}.Debug|Any CPU.ActiveCfg = Debug|Any CPU
		{8193FA22-E908-4280-A115-7F6661A0501C}.Debug|Any CPU.Build.0 = Debug|Any CPU
		{8193FA22-E908-4280-A115-7F6661A0501C}.Release|Any CPU.ActiveCfg = Release|Any CPU
		{8193FA22-E908-4280-A115-7F6661A0501C}.Release|Any CPU.Build.0 = Release|Any CPU
		{0E7636C7-F879-496A-926B-E202181DE5BF}.Debug|Any CPU.ActiveCfg = Debug|Any CPU
		{0E7636C7-F879-496A-926B-E202181DE5BF}.Debug|Any CPU.Build.0 = Debug|Any CPU
		{0E7636C7-F879-496A-926B-E202181DE5BF}.Release|Any CPU.ActiveCfg = Release|Any CPU
		{0E7636C7-F879-496A-926B-E202181DE5BF}.Release|Any CPU.Build.0 = Release|Any CPU
		{90B90A7C-28D1-4175-9D77-167AF84384C8}.Debug|Any CPU.ActiveCfg = Debug|Any CPU
		{90B90A7C-28D1-4175-9D77-167AF84384C8}.Debug|Any CPU.Build.0 = Debug|Any CPU
		{90B90A7C-28D1-4175-9D77-167AF84384C8}.Release|Any CPU.ActiveCfg = Release|Any CPU
		{90B90A7C-28D1-4175-9D77-167AF84384C8}.Release|Any CPU.Build.0 = Release|Any CPU
		{629B9DDB-A6BC-4B77-8C28-57950853B78A}.Debug|Any CPU.ActiveCfg = Debug|Any CPU
		{629B9DDB-A6BC-4B77-8C28-57950853B78A}.Debug|Any CPU.Build.0 = Debug|Any CPU
		{629B9DDB-A6BC-4B77-8C28-57950853B78A}.Release|Any CPU.ActiveCfg = Release|Any CPU
		{629B9DDB-A6BC-4B77-8C28-57950853B78A}.Release|Any CPU.Build.0 = Release|Any CPU
		{9AAE1172-1026-4D3C-8778-38AA25884948}.Debug|Any CPU.ActiveCfg = Debug|Any CPU
		{9AAE1172-1026-4D3C-8778-38AA25884948}.Debug|Any CPU.Build.0 = Debug|Any CPU
		{9AAE1172-1026-4D3C-8778-38AA25884948}.Release|Any CPU.ActiveCfg = Release|Any CPU
		{9AAE1172-1026-4D3C-8778-38AA25884948}.Release|Any CPU.Build.0 = Release|Any CPU
		{5A29C864-C221-4519-85B8-50ED81600730}.Debug|Any CPU.ActiveCfg = Debug|Any CPU
		{5A29C864-C221-4519-85B8-50ED81600730}.Debug|Any CPU.Build.0 = Debug|Any CPU
		{5A29C864-C221-4519-85B8-50ED81600730}.Release|Any CPU.ActiveCfg = Release|Any CPU
		{5A29C864-C221-4519-85B8-50ED81600730}.Release|Any CPU.Build.0 = Release|Any CPU
		{086295B8-70B0-4B28-BACE-64F3123DE9B7}.Debug|Any CPU.ActiveCfg = Debug|Any CPU
		{086295B8-70B0-4B28-BACE-64F3123DE9B7}.Debug|Any CPU.Build.0 = Debug|Any CPU
		{086295B8-70B0-4B28-BACE-64F3123DE9B7}.Release|Any CPU.ActiveCfg = Release|Any CPU
		{086295B8-70B0-4B28-BACE-64F3123DE9B7}.Release|Any CPU.Build.0 = Release|Any CPU
		{1EA2E298-AACD-4217-B0E7-D9E821C943AE}.Debug|Any CPU.ActiveCfg = Debug|Any CPU
		{1EA2E298-AACD-4217-B0E7-D9E821C943AE}.Debug|Any CPU.Build.0 = Debug|Any CPU
		{1EA2E298-AACD-4217-B0E7-D9E821C943AE}.Release|Any CPU.ActiveCfg = Release|Any CPU
		{1EA2E298-AACD-4217-B0E7-D9E821C943AE}.Release|Any CPU.Build.0 = Release|Any CPU
		{24293E0E-A8DA-4CD1-98AB-7C26FAECE197}.Debug|Any CPU.ActiveCfg = Debug|Any CPU
		{24293E0E-A8DA-4CD1-98AB-7C26FAECE197}.Debug|Any CPU.Build.0 = Debug|Any CPU
		{24293E0E-A8DA-4CD1-98AB-7C26FAECE197}.Release|Any CPU.ActiveCfg = Release|Any CPU
		{24293E0E-A8DA-4CD1-98AB-7C26FAECE197}.Release|Any CPU.Build.0 = Release|Any CPU
		{8D51DC60-5FAC-4EED-966D-FE64F6FB8506}.Debug|Any CPU.ActiveCfg = Debug|Any CPU
		{8D51DC60-5FAC-4EED-966D-FE64F6FB8506}.Debug|Any CPU.Build.0 = Debug|Any CPU
		{8D51DC60-5FAC-4EED-966D-FE64F6FB8506}.Release|Any CPU.ActiveCfg = Release|Any CPU
		{8D51DC60-5FAC-4EED-966D-FE64F6FB8506}.Release|Any CPU.Build.0 = Release|Any CPU
		{0AFF7321-6D8A-4D88-8B09-3D6BECECC884}.Debug|Any CPU.ActiveCfg = Debug|Any CPU
		{0AFF7321-6D8A-4D88-8B09-3D6BECECC884}.Debug|Any CPU.Build.0 = Debug|Any CPU
		{0AFF7321-6D8A-4D88-8B09-3D6BECECC884}.Release|Any CPU.ActiveCfg = Release|Any CPU
		{0AFF7321-6D8A-4D88-8B09-3D6BECECC884}.Release|Any CPU.Build.0 = Release|Any CPU
		{36C69A65-362D-464E-8B30-C29D12DC67E3}.Debug|Any CPU.ActiveCfg = Debug|Any CPU
		{36C69A65-362D-464E-8B30-C29D12DC67E3}.Debug|Any CPU.Build.0 = Debug|Any CPU
		{36C69A65-362D-464E-8B30-C29D12DC67E3}.Release|Any CPU.ActiveCfg = Release|Any CPU
		{36C69A65-362D-464E-8B30-C29D12DC67E3}.Release|Any CPU.Build.0 = Release|Any CPU
	EndGlobalSection
	GlobalSection(SolutionProperties) = preSolution
		HideSolutionNode = FALSE
	EndGlobalSection
	GlobalSection(NestedProjects) = preSolution
		{8193FA22-E908-4280-A115-7F6661A0501C} = {02EA681E-C7D8-13C7-8484-4AC65E1B71E8}
		{0E7636C7-F879-496A-926B-E202181DE5BF} = {02EA681E-C7D8-13C7-8484-4AC65E1B71E8}
		{90B90A7C-28D1-4175-9D77-167AF84384C8} = {02EA681E-C7D8-13C7-8484-4AC65E1B71E8}
		{629B9DDB-A6BC-4B77-8C28-57950853B78A} = {FD939458-5426-4698-A1E6-EF605EB098C1}
		{9AAE1172-1026-4D3C-8778-38AA25884948} = {FD939458-5426-4698-A1E6-EF605EB098C1}
		{5A29C864-C221-4519-85B8-50ED81600730} = {FD939458-5426-4698-A1E6-EF605EB098C1}
		{086295B8-70B0-4B28-BACE-64F3123DE9B7} = {3BFA5034-69E8-4355-8FE5-C484401536C6}
		{1EA2E298-AACD-4217-B0E7-D9E821C943AE} = {3BFA5034-69E8-4355-8FE5-C484401536C6}
		{24293E0E-A8DA-4CD1-98AB-7C26FAECE197} = {3BFA5034-69E8-4355-8FE5-C484401536C6}
		{8D51DC60-5FAC-4EED-966D-FE64F6FB8506} = {D8C77F6B-B6A1-41F3-A86E-AB12AF58990E}
		{0AFF7321-6D8A-4D88-8B09-3D6BECECC884} = {D8C77F6B-B6A1-41F3-A86E-AB12AF58990E}
		{36C69A65-362D-464E-8B30-C29D12DC67E3} = {D8C77F6B-B6A1-41F3-A86E-AB12AF58990E}
	EndGlobalSection
	GlobalSection(ExtensibilityGlobals) = postSolution
		SolutionGuid = {D942E7ED-1AB2-42FA-8B45-87E4DE2C6CF9}
	EndGlobalSection
EndGlobal
